// !$*UTF8*$!
{
	archiveVersion = 1;
	classes = {
	};
	objectVersion = 77;
	objects = {

/* Begin PBXBuildFile section */
		4981F4E4B078B6F43F1117DE /* AccountInfo.swift in Sources */ = {isa = PBXBuildFile; fileRef = 0DCEA8D0FBE8491AB19D5E4E /* AccountInfo.swift */; };
		5236C3EC02DC440F31C15C34 /* ContentView.swift in Sources */ = {isa = PBXBuildFile; fileRef = E6FCA6BA45DEBB82D670ED17 /* ContentView.swift */; };
		56236DDEC5D90487B8A3D82E /* StorageService.swift in Sources */ = {isa = PBXBuildFile; fileRef = 7A82DB157948D9203553CC37 /* StorageService.swift */; };
		5BE28DDA6410ED68EF4E0BBC /* AccountListView.swift in Sources */ = {isa = PBXBuildFile; fileRef = BDF25FE62BE1C92B3B506C8B /* AccountListView.swift */; };
		64A653A3A19EE715E3C1B0B6 /* TvingLoginManagerApp.swift in Sources */ = {isa = PBXBuildFile; fileRef = DFCADE1931DB67DE83640F65 /* TvingLoginManagerApp.swift */; };
		65481ACE8DDF61B89B7010F6 /* KeychainServiceTests.swift in Sources */ = {isa = PBXBuildFile; fileRef = 754D17A5AF778A9D470E3ED7 /* KeychainServiceTests.swift */; };
		70B41726ACAAD49C8D00DE5D /* AccountManager.swift in Sources */ = {isa = PBXBuildFile; fileRef = 6183FB7A9FFB349092341B88 /* AccountManager.swift */; };
		82C313E08BD9C0050CD70376 /* AccountInfoTests.swift in Sources */ = {isa = PBXBuildFile; fileRef = 6AD0DBEFC2724CCA2A4A7E3F /* AccountInfoTests.swift */; };
		96EF5E548691529BECD5FA45 /* LoginService.swift in Sources */ = {isa = PBXBuildFile; fileRef = D3EA0461693FFD2DF2755889 /* LoginService.swift */; };
		A22F82D967BA8636BF6CF1A2 /* AccountManagerTests.swift in Sources */ = {isa = PBXBuildFile; fileRef = EAC68E68998CE6A63D132F06 /* AccountManagerTests.swift */; };
		B592121B4E02FEC058C0DD3F /* KeychainService.swift in Sources */ = {isa = PBXBuildFile; fileRef = DB3FC5C351CA4355E25686A5 /* KeychainService.swift */; };
		BC92E0CB057509BB718A17E0 /* LoginWebView.swift in Sources */ = {isa = PBXBuildFile; fileRef = 4CF84013D1BA82F576B418B6 /* LoginWebView.swift */; };
		C24BB0FB03962CE05D3765DF /* Assets.xcassets in Resources */ = {isa = PBXBuildFile; fileRef = A0C0FEDE5BFCFE754D167453 /* Assets.xcassets */; };
		E9D300789705FAEB895607EA /* AccountEditView.swift in Sources */ = {isa = PBXBuildFile; fileRef = C1478CF2C20EB8CA4469FCA8 /* AccountEditView.swift */; };
		FBDB3685D3F06F65E194E4DD /* StorageServiceTests.swift in Sources */ = {isa = PBXBuildFile; fileRef = 4E028443A00528A1D04D208D /* StorageServiceTests.swift */; };
/* End PBXBuildFile section */

/* Begin PBXContainerItemProxy section */
		747075BCFEF47FCED05EFEC7 /* PBXContainerItemProxy */ = {
			isa = PBXContainerItemProxy;
			containerPortal = E35636C6E26DC7AB2A9C5593 /* Project object */;
			proxyType = 1;
			remoteGlobalIDString = D22DCBFBCE2AAB3D2AF42AF8;
			remoteInfo = TvingLoginManager;
		};
/* End PBXContainerItemProxy section */

/* Begin PBXFileReference section */
		0DCEA8D0FBE8491AB19D5E4E /* AccountInfo.swift */ = {isa = PBXFileReference; lastKnownFileType = sourcecode.swift; path = AccountInfo.swift; sourceTree = "<group>"; };
		2EF2EF2D74BDCF2755191CC5 /* TvingLoginManagerTests.xctest */ = {isa = PBXFileReference; explicitFileType = wrapper.cfbundle; includeInIndex = 0; path = TvingLoginManagerTests.xctest; sourceTree = BUILT_PRODUCTS_DIR; };
		4BE5F51183598AED1109FA33 /* Info.plist */ = {isa = PBXFileReference; lastKnownFileType = text.plist; path = Info.plist; sourceTree = "<group>"; };
		4CF84013D1BA82F576B418B6 /* LoginWebView.swift */ = {isa = PBXFileReference; lastKnownFileType = sourcecode.swift; path = LoginWebView.swift; sourceTree = "<group>"; };
		4E028443A00528A1D04D208D /* StorageServiceTests.swift */ = {isa = PBXFileReference; lastKnownFileType = sourcecode.swift; path = StorageServiceTests.swift; sourceTree = "<group>"; };
		6183FB7A9FFB349092341B88 /* AccountManager.swift */ = {isa = PBXFileReference; lastKnownFileType = sourcecode.swift; path = AccountManager.swift; sourceTree = "<group>"; };
		6AD0DBEFC2724CCA2A4A7E3F /* AccountInfoTests.swift */ = {isa = PBXFileReference; lastKnownFileType = sourcecode.swift; path = AccountInfoTests.swift; sourceTree = "<group>"; };
		754D17A5AF778A9D470E3ED7 /* KeychainServiceTests.swift */ = {isa = PBXFileReference; lastKnownFileType = sourcecode.swift; path = KeychainServiceTests.swift; sourceTree = "<group>"; };
		75AA199178276CF23B85DCB4 /* TvingLoginManager.app */ = {isa = PBXFileReference; explicitFileType = wrapper.application; includeInIndex = 0; path = TvingLoginManager.app; sourceTree = BUILT_PRODUCTS_DIR; };
		7A82DB157948D9203553CC37 /* StorageService.swift */ = {isa = PBXFileReference; lastKnownFileType = sourcecode.swift; path = StorageService.swift; sourceTree = "<group>"; };
		9A800A89132BA96919B285AF /* TvingLoginManager.entitlements */ = {isa = PBXFileReference; lastKnownFileType = text.plist.entitlements; path = TvingLoginManager.entitlements; sourceTree = "<group>"; };
		A0C0FEDE5BFCFE754D167453 /* Assets.xcassets */ = {isa = PBXFileReference; lastKnownFileType = folder.assetcatalog; path = Assets.xcassets; sourceTree = "<group>"; };
		BDF25FE62BE1C92B3B506C8B /* AccountListView.swift */ = {isa = PBXFileReference; lastKnownFileType = sourcecode.swift; path = AccountListView.swift; sourceTree = "<group>"; };
		C1478CF2C20EB8CA4469FCA8 /* AccountEditView.swift */ = {isa = PBXFileReference; lastKnownFileType = sourcecode.swift; path = AccountEditView.swift; sourceTree = "<group>"; };
		D3EA0461693FFD2DF2755889 /* LoginService.swift */ = {isa = PBXFileReference; lastKnownFileType = sourcecode.swift; path = LoginService.swift; sourceTree = "<group>"; };
		DB3FC5C351CA4355E25686A5 /* KeychainService.swift */ = {isa = PBXFileReference; lastKnownFileType = sourcecode.swift; path = KeychainService.swift; sourceTree = "<group>"; };
		DFCADE1931DB67DE83640F65 /* TvingLoginManagerApp.swift */ = {isa = PBXFileReference; lastKnownFileType = sourcecode.swift; path = TvingLoginManagerApp.swift; sourceTree = "<group>"; };
		E6FCA6BA45DEBB82D670ED17 /* ContentView.swift */ = {isa = PBXFileReference; lastKnownFileType = sourcecode.swift; path = ContentView.swift; sourceTree = "<group>"; };
		EAC68E68998CE6A63D132F06 /* AccountManagerTests.swift */ = {isa = PBXFileReference; lastKnownFileType = sourcecode.swift; path = AccountManagerTests.swift; sourceTree = "<group>"; };
/* End PBXFileReference section */

/* Begin PBXGroup section */
		041146D937E0F6763D9E9048 /* Models */ = {
			isa = PBXGroup;
			children = (
				0DCEA8D0FBE8491AB19D5E4E /* AccountInfo.swift */,
			);
			path = Models;
			sourceTree = "<group>";
		};
		1D8C938B80E0A2A01EF4F716 /* Services */ = {
			isa = PBXGroup;
			children = (
				DB3FC5C351CA4355E25686A5 /* KeychainService.swift */,
				D3EA0461693FFD2DF2755889 /* LoginService.swift */,
				7A82DB157948D9203553CC37 /* StorageService.swift */,
			);
			path = Services;
			sourceTree = "<group>";
		};
		469DA30C0F77E0443CEBF0C3 /* Views */ = {
			isa = PBXGroup;
			children = (
				C1478CF2C20EB8CA4469FCA8 /* AccountEditView.swift */,
				BDF25FE62BE1C92B3B506C8B /* AccountListView.swift */,
				E6FCA6BA45DEBB82D670ED17 /* ContentView.swift */,
				4CF84013D1BA82F576B418B6 /* LoginWebView.swift */,
			);
			path = Views;
			sourceTree = "<group>";
		};
		570D3E51E1416C58091B5AAC /* ViewModels */ = {
			isa = PBXGroup;
			children = (
				6183FB7A9FFB349092341B88 /* AccountManager.swift */,
			);
			path = ViewModels;
			sourceTree = "<group>";
		};
		60B187D9BE7F0085BB1A2169 = {
			isa = PBXGroup;
			children = (
				6E30CB79F0D8A35C397E4319 /* TvingLoginManager */,
				EE68A00E106765BCBBA728D3 /* TvingLoginManagerTests */,
				C35692F888AAB0AC8925C578 /* Products */,
			);
			sourceTree = "<group>";
		};
		6E30CB79F0D8A35C397E4319 /* TvingLoginManager */ = {
			isa = PBXGroup;
			children = (
				A0C0FEDE5BFCFE754D167453 /* Assets.xcassets */,
				4BE5F51183598AED1109FA33 /* Info.plist */,
				9A800A89132BA96919B285AF /* TvingLoginManager.entitlements */,
				DFCADE1931DB67DE83640F65 /* TvingLoginManagerApp.swift */,
				041146D937E0F6763D9E9048 /* Models */,
				1D8C938B80E0A2A01EF4F716 /* Services */,
				570D3E51E1416C58091B5AAC /* ViewModels */,
				469DA30C0F77E0443CEBF0C3 /* Views */,
			);
			path = TvingLoginManager;
			sourceTree = "<group>";
		};
		C35692F888AAB0AC8925C578 /* Products */ = {
			isa = PBXGroup;
			children = (
				75AA199178276CF23B85DCB4 /* TvingLoginManager.app */,
				2EF2EF2D74BDCF2755191CC5 /* TvingLoginManagerTests.xctest */,
			);
			name = Products;
			sourceTree = "<group>";
		};
		EE68A00E106765BCBBA728D3 /* TvingLoginManagerTests */ = {
			isa = PBXGroup;
			children = (
				6AD0DBEFC2724CCA2A4A7E3F /* AccountInfoTests.swift */,
				EAC68E68998CE6A63D132F06 /* AccountManagerTests.swift */,
				754D17A5AF778A9D470E3ED7 /* KeychainServiceTests.swift */,
				4E028443A00528A1D04D208D /* StorageServiceTests.swift */,
			);
			path = TvingLoginManagerTests;
			sourceTree = "<group>";
		};
/* End PBXGroup section */

/* Begin PBXNativeTarget section */
		D1CC3683BB3DE1415BCA8A3E /* TvingLoginManagerTests */ = {
			isa = PBXNativeTarget;
			buildConfigurationList = 4FEFA4E4759121FFCDFC4B8F /* Build configuration list for PBXNativeTarget "TvingLoginManagerTests" */;
			buildPhases = (
				4995DDC983D65EC3E92B616B /* Sources */,
			);
			buildRules = (
			);
			dependencies = (
				89CC171A002A3B464B1A8371 /* PBXTargetDependency */,
			);
			name = TvingLoginManagerTests;
			packageProductDependencies = (
			);
			productName = TvingLoginManagerTests;
			productReference = 2EF2EF2D74BDCF2755191CC5 /* TvingLoginManagerTests.xctest */;
			productType = "com.apple.product-type.bundle.unit-test";
		};
		D22DCBFBCE2AAB3D2AF42AF8 /* TvingLoginManager */ = {
			isa = PBXNativeTarget;
			buildConfigurationList = 75E4A2C019E325089D96F9E4 /* Build configuration list for PBXNativeTarget "TvingLoginManager" */;
			buildPhases = (
				B6BE2436AD50EB164DACCC81 /* Sources */,
				6409AC9E790E74AB71499BDE /* Resources */,
			);
			buildRules = (
			);
			dependencies = (
			);
			name = TvingLoginManager;
			packageProductDependencies = (
			);
			productName = TvingLoginManager;
			productReference = 75AA199178276CF23B85DCB4 /* TvingLoginManager.app */;
			productType = "com.apple.product-type.application";
		};
/* End PBXNativeTarget section */

/* Begin PBXProject section */
		E35636C6E26DC7AB2A9C5593 /* Project object */ = {
			isa = PBXProject;
			attributes = {
				BuildIndependentTargetsInParallel = YES;
				LastUpgradeCheck = 1600;
				TargetAttributes = {
					D1CC3683BB3DE1415BCA8A3E = {
						DevelopmentTeam = "";
						ProvisioningStyle = Automatic;
					};
					D22DCBFBCE2AAB3D2AF42AF8 = {
						DevelopmentTeam = "";
						ProvisioningStyle = Automatic;
					};
				};
			};
			buildConfigurationList = 99A48F3C9817DC08E6DBED77 /* Build configuration list for PBXProject "TvingLoginManager" */;
			developmentRegion = en;
			hasScannedForEncodings = 0;
			knownRegions = (
				Base,
				en,
			);
			mainGroup = 60B187D9BE7F0085BB1A2169;
			minimizedProjectReferenceProxies = 1;
			preferredProjectObjectVersion = 77;
			productRefGroup = C35692F888AAB0AC8925C578 /* Products */;
			projectDirPath = "";
			projectRoot = "";
			targets = (
				D22DCBFBCE2AAB3D2AF42AF8 /* TvingLoginManager */,
				D1CC3683BB3DE1415BCA8A3E /* TvingLoginManagerTests */,
			);
		};
/* End PBXProject section */

/* Begin PBXResourcesBuildPhase section */
		6409AC9E790E74AB71499BDE /* Resources */ = {
			isa = PBXResourcesBuildPhase;
			buildActionMask = 2147483647;
			files = (
				C24BB0FB03962CE05D3765DF /* Assets.xcassets in Resources */,
			);
			runOnlyForDeploymentPostprocessing = 0;
		};
/* End PBXResourcesBuildPhase section */

/* Begin PBXSourcesBuildPhase section */
		4995DDC983D65EC3E92B616B /* Sources */ = {
			isa = PBXSourcesBuildPhase;
			buildActionMask = 2147483647;
			files = (
				82C313E08BD9C0050CD70376 /* AccountInfoTests.swift in Sources */,
				A22F82D967BA8636BF6CF1A2 /* AccountManagerTests.swift in Sources */,
				65481ACE8DDF61B89B7010F6 /* KeychainServiceTests.swift in Sources */,
				FBDB3685D3F06F65E194E4DD /* StorageServiceTests.swift in Sources */,
			);
			runOnlyForDeploymentPostprocessing = 0;
		};
		B6BE2436AD50EB164DACCC81 /* Sources */ = {
			isa = PBXSourcesBuildPhase;
			buildActionMask = 2147483647;
			files = (
				E9D300789705FAEB895607EA /* AccountEditView.swift in Sources */,
				4981F4E4B078B6F43F1117DE /* AccountInfo.swift in Sources */,
				5BE28DDA6410ED68EF4E0BBC /* AccountListView.swift in Sources */,
				70B41726ACAAD49C8D00DE5D /* AccountManager.swift in Sources */,
				5236C3EC02DC440F31C15C34 /* ContentView.swift in Sources */,
				B592121B4E02FEC058C0DD3F /* KeychainService.swift in Sources */,
				96EF5E548691529BECD5FA45 /* LoginService.swift in Sources */,
				BC92E0CB057509BB718A17E0 /* LoginWebView.swift in Sources */,
				56236DDEC5D90487B8A3D82E /* StorageService.swift in Sources */,
				64A653A3A19EE715E3C1B0B6 /* TvingLoginManagerApp.swift in Sources */,
			);
			runOnlyForDeploymentPostprocessing = 0;
		};
/* End PBXSourcesBuildPhase section */

/* Begin PBXTargetDependency section */
		89CC171A002A3B464B1A8371 /* PBXTargetDependency */ = {
			isa = PBXTargetDependency;
			target = D22DCBFBCE2AAB3D2AF42AF8 /* TvingLoginManager */;
			targetProxy = 747075BCFEF47FCED05EFEC7 /* PBXContainerItemProxy */;
		};
/* End PBXTargetDependency section */

/* Begin XCBuildConfiguration section */
		33132ED60582B7615266C376 /* Debug */ = {
			isa = XCBuildConfiguration;
			buildSettings = {
				ALWAYS_SEARCH_USER_PATHS = NO;
				CLANG_ANALYZER_NONNULL = YES;
				CLANG_ANALYZER_NUMBER_OBJECT_CONVERSION = YES_AGGRESSIVE;
				CLANG_CXX_LANGUAGE_STANDARD = "gnu++14";
				CLANG_CXX_LIBRARY = "libc++";
				CLANG_ENABLE_MODULES = YES;
				CLANG_ENABLE_OBJC_ARC = YES;
				CLANG_ENABLE_OBJC_WEAK = YES;
				CLANG_WARN_BLOCK_CAPTURE_AUTORELEASING = YES;
				CLANG_WARN_BOOL_CONVERSION = YES;
				CLANG_WARN_COMMA = YES;
				CLANG_WARN_CONSTANT_CONVERSION = YES;
				CLANG_WARN_DEPRECATED_OBJC_IMPLEMENTATIONS = YES;
				CLANG_WARN_DIRECT_OBJC_ISA_USAGE = YES_ERROR;
				CLANG_WARN_DOCUMENTATION_COMMENTS = YES;
				CLANG_WARN_EMPTY_BODY = YES;
				CLANG_WARN_ENUM_CONVERSION = YES;
				CLANG_WARN_INFINITE_RECURSION = YES;
				CLANG_WARN_INT_CONVERSION = YES;
				CLANG_WARN_NON_LITERAL_NULL_CONVERSION = YES;
				CLANG_WARN_OBJC_IMPLICIT_RETAIN_SELF = YES;
				CLANG_WARN_OBJC_LITERAL_CONVERSION = YES;
				CLANG_WARN_OBJC_ROOT_CLASS = YES_ERROR;
				CLANG_WARN_QUOTED_INCLUDE_IN_FRAMEWORK_HEADER = YES;
				CLANG_WARN_RANGE_LOOP_ANALYSIS = YES;
				CLANG_WARN_STRICT_PROTOTYPES = YES;
				CLANG_WARN_SUSPICIOUS_MOVE = YES;
				CLANG_WARN_UNGUARDED_AVAILABILITY = YES_AGGRESSIVE;
				CLANG_WARN_UNREACHABLE_CODE = YES;
				CLANG_WARN__DUPLICATE_METHOD_MATCH = YES;
				CODE_SIGN_IDENTITY = "-";
				CODE_SIGN_STYLE = Automatic;
				COPY_PHASE_STRIP = NO;
				CURRENT_PROJECT_VERSION = 1;
				DEBUG_INFORMATION_FORMAT = dwarf;
				DEVELOPMENT_TEAM = "";
				ENABLE_STRICT_OBJC_MSGSEND = YES;
				ENABLE_TESTABILITY = YES;
				GCC_C_LANGUAGE_STANDARD = gnu11;
				GCC_DYNAMIC_NO_PIC = NO;
				GCC_NO_COMMON_BLOCKS = YES;
				GCC_OPTIMIZATION_LEVEL = 0;
				GCC_PREPROCESSOR_DEFINITIONS = (
					"$(inherited)",
					"DEBUG=1",
				);
				GCC_WARN_64_TO_32_BIT_CONVERSION = YES;
				GCC_WARN_ABOUT_RETURN_TYPE = YES_ERROR;
				GCC_WARN_UNDECLARED_SELECTOR = YES;
				GCC_WARN_UNINITIALIZED_AUTOS = YES_AGGRESSIVE;
				GCC_WARN_UNUSED_FUNCTION = YES;
				GCC_WARN_UNUSED_VARIABLE = YES;
				MACOSX_DEPLOYMENT_TARGET = 14.0;
				MARKETING_VERSION = 1.0.0;
				MTL_ENABLE_DEBUG_INFO = INCLUDE_SOURCE;
				MTL_FAST_MATH = YES;
				ONLY_ACTIVE_ARCH = YES;
				PRODUCT_NAME = "$(TARGET_NAME)";
				SDKROOT = macosx;
				SWIFT_ACTIVE_COMPILATION_CONDITIONS = DEBUG;
				SWIFT_OPTIMIZATION_LEVEL = "-Onone";
				SWIFT_VERSION = 6.0;
			};
			name = Debug;
		};
		43044A269C919E000AEBB514 /* Release */ = {
			isa = XCBuildConfiguration;
			buildSettings = {
				BUNDLE_LOADER = "$(TEST_HOST)";
				COMBINE_HIDPI_IMAGES = YES;
				LD_RUNPATH_SEARCH_PATHS = (
					"$(inherited)",
					"@executable_path/../Frameworks",
					"@loader_path/../Frameworks",
				);
				PRODUCT_BUNDLE_IDENTIFIER = "com.tving.login-manager.tests";
				SDKROOT = macosx;
				TEST_HOST = "$(BUILT_PRODUCTS_DIR)/TvingLoginManager.app/Contents/MacOS/TvingLoginManager";
			};
			name = Release;
		};
		9B56EBF6DA1D0CD6ACE4C063 /* Release */ = {
			isa = XCBuildConfiguration;
			buildSettings = {
				ALWAYS_SEARCH_USER_PATHS = NO;
				CLANG_ANALYZER_NONNULL = YES;
				CLANG_ANALYZER_NUMBER_OBJECT_CONVERSION = YES_AGGRESSIVE;
				CLANG_CXX_LANGUAGE_STANDARD = "gnu++14";
				CLANG_CXX_LIBRARY = "libc++";
				CLANG_ENABLE_MODULES = YES;
				CLANG_ENABLE_OBJC_ARC = YES;
				CLANG_ENABLE_OBJC_WEAK = YES;
				CLANG_WARN_BLOCK_CAPTURE_AUTORELEASING = YES;
				CLANG_WARN_BOOL_CONVERSION = YES;
				CLANG_WARN_COMMA = YES;
				CLANG_WARN_CONSTANT_CONVERSION = YES;
				CLANG_WARN_DEPRECATED_OBJC_IMPLEMENTATIONS = YES;
				CLANG_WARN_DIRECT_OBJC_ISA_USAGE = YES_ERROR;
				CLANG_WARN_DOCUMENTATION_COMMENTS = YES;
				CLANG_WARN_EMPTY_BODY = YES;
				CLANG_WARN_ENUM_CONVERSION = YES;
				CLANG_WARN_INFINITE_RECURSION = YES;
				CLANG_WARN_INT_CONVERSION = YES;
				CLANG_WARN_NON_LITERAL_NULL_CONVERSION = YES;
				CLANG_WARN_OBJC_IMPLICIT_RETAIN_SELF = YES;
				CLANG_WARN_OBJC_LITERAL_CONVERSION = YES;
				CLANG_WARN_OBJC_ROOT_CLASS = YES_ERROR;
				CLANG_WARN_QUOTED_INCLUDE_IN_FRAMEWORK_HEADER = YES;
				CLANG_WARN_RANGE_LOOP_ANALYSIS = YES;
				CLANG_WARN_STRICT_PROTOTYPES = YES;
				CLANG_WARN_SUSPICIOUS_MOVE = YES;
				CLANG_WARN_UNGUARDED_AVAILABILITY = YES_AGGRESSIVE;
				CLANG_WARN_UNREACHABLE_CODE = YES;
				CLANG_WARN__DUPLICATE_METHOD_MATCH = YES;
				CODE_SIGN_IDENTITY = "-";
				CODE_SIGN_STYLE = Automatic;
				COPY_PHASE_STRIP = NO;
				CURRENT_PROJECT_VERSION = 1;
				DEBUG_INFORMATION_FORMAT = "dwarf-with-dsym";
				DEVELOPMENT_TEAM = "";
				ENABLE_NS_ASSERTIONS = NO;
				ENABLE_STRICT_OBJC_MSGSEND = YES;
				GCC_C_LANGUAGE_STANDARD = gnu11;
				GCC_NO_COMMON_BLOCKS = YES;
				GCC_WARN_64_TO_32_BIT_CONVERSION = YES;
				GCC_WARN_ABOUT_RETURN_TYPE = YES_ERROR;
				GCC_WARN_UNDECLARED_SELECTOR = YES;
				GCC_WARN_UNINITIALIZED_AUTOS = YES_AGGRESSIVE;
				GCC_WARN_UNUSED_FUNCTION = YES;
				GCC_WARN_UNUSED_VARIABLE = YES;
				MACOSX_DEPLOYMENT_TARGET = 14.0;
				MARKETING_VERSION = 1.0.0;
				MTL_ENABLE_DEBUG_INFO = NO;
				MTL_FAST_MATH = YES;
				PRODUCT_NAME = "$(TARGET_NAME)";
				SDKROOT = macosx;
				SWIFT_COMPILATION_MODE = wholemodule;
				SWIFT_OPTIMIZATION_LEVEL = "-O";
				SWIFT_VERSION = 6.0;
			};
			name = Release;
		};
		A6ED4238B6F294B13268B215 /* Debug */ = {
			isa = XCBuildConfiguration;
			buildSettings = {
				BUNDLE_LOADER = "$(TEST_HOST)";
				COMBINE_HIDPI_IMAGES = YES;
				LD_RUNPATH_SEARCH_PATHS = (
					"$(inherited)",
					"@executable_path/../Frameworks",
					"@loader_path/../Frameworks",
				);
				PRODUCT_BUNDLE_IDENTIFIER = "com.tving.login-manager.tests";
				SDKROOT = macosx;
				TEST_HOST = "$(BUILT_PRODUCTS_DIR)/TvingLoginManager.app/Contents/MacOS/TvingLoginManager";
			};
			name = Debug;
		};
		ADFF512D8C203712DD0431C4 /* Debug */ = {
			isa = XCBuildConfiguration;
			buildSettings = {
				ASSETCATALOG_COMPILER_APPICON_NAME = AppIcon;
				CODE_SIGN_ENTITLEMENTS = TvingLoginManager/TvingLoginManager.entitlements;
				COMBINE_HIDPI_IMAGES = YES;
				INFOPLIST_FILE = TvingLoginManager/Info.plist;
				LD_RUNPATH_SEARCH_PATHS = (
					"$(inherited)",
					"@executable_path/../Frameworks",
				);
				PRODUCT_BUNDLE_IDENTIFIER = "com.tving.login-manager";
				PRODUCT_MODULE_NAME = TvingLoginManager;
				PRODUCT_NAME = TvingLoginManager;
				SDKROOT = macosx;
			};
			name = Debug;
		};
		EDAE3D92C55F404DFFE4780D /* Release */ = {
			isa = XCBuildConfiguration;
			buildSettings = {
				ASSETCATALOG_COMPILER_APPICON_NAME = AppIcon;
				CODE_SIGN_ENTITLEMENTS = TvingLoginManager/TvingLoginManager.entitlements;
				COMBINE_HIDPI_IMAGES = YES;
				INFOPLIST_FILE = TvingLoginManager/Info.plist;
				LD_RUNPATH_SEARCH_PATHS = (
					"$(inherited)",
					"@executable_path/../Frameworks",
				);
				PRODUCT_BUNDLE_IDENTIFIER = "com.tving.login-manager";
				PRODUCT_MODULE_NAME = TvingLoginManager;
				PRODUCT_NAME = TvingLoginManager;
				SDKROOT = macosx;
			};
			name = Release;
		};
/* End XCBuildConfiguration section */

/* Begin XCConfigurationList section */
		4FEFA4E4759121FFCDFC4B8F /* Build configuration list for PBXNativeTarget "TvingLoginManagerTests" */ = {
			isa = XCConfigurationList;
			buildConfigurations = (
				A6ED4238B6F294B13268B215 /* Debug */,
				43044A269C919E000AEBB514 /* Release */,
			);
			defaultConfigurationIsVisible = 0;
			defaultConfigurationName = Debug;
		};
		75E4A2C019E325089D96F9E4 /* Build configuration list for PBXNativeTarget "TvingLoginManager" */ = {
			isa = XCConfigurationList;
			buildConfigurations = (
				ADFF512D8C203712DD0431C4 /* Debug */,
				EDAE3D92C55F404DFFE4780D /* Release */,
			);
			defaultConfigurationIsVisible = 0;
			defaultConfigurationName = Debug;
		};
		99A48F3C9817DC08E6DBED77 /* Build configuration list for PBXProject "TvingLoginManager" */ = {
			isa = XCConfigurationList;
			buildConfigurations = (
				33132ED60582B7615266C376 /* Debug */,
				9B56EBF6DA1D0CD6ACE4C063 /* Release */,
			);
			defaultConfigurationIsVisible = 0;
			defaultConfigurationName = Debug;
		};
/* End XCConfigurationList section */
	};
	rootObject = E35636C6E26DC7AB2A9C5593 /* Project object */;
}
